# This file is automatically @generated by Cargo.
# It is not intended for manual editing.
version = 3

[[package]]
name = "emu_lib_json_tests"
version = "0.1.0"
dependencies = [
 "include_directory",
]

[[package]]
name = "include_directory"
version = "0.1.1"
source = "registry+https://github.com/rust-lang/crates.io-index"
checksum = "fc51bf21d9c8c76d0d55b3926add7fde9b595719ee0d5710d46f8ee66131cca9"
dependencies = [
 "include_directory_macros",
 "mime",
]

[[package]]
name = "include_directory_macros"
version = "0.1.0"
source = "registry+https://github.com/rust-lang/crates.io-index"
checksum = "35011b5de7391d94ea631aa584d09a88b2e877505a614e4952970214f2fd1b90"
dependencies = [
 "mime",
 "new_mime_guess",
 "proc-macro2",
 "quote",
]

[[package]]
name = "mime"
version = "0.3.17"
source = "registry+https://github.com/rust-lang/crates.io-index"
checksum = "6877bb514081ee2a7ff5ef9de3281f14a4dd4bceac4c09388074a6b5df8a139a"

[[package]]
name = "new_mime_guess"
version = "4.0.4"
source = "registry+https://github.com/rust-lang/crates.io-index"
checksum = "02a2dfb3559d53e90b709376af1c379462f7fb3085a0177deb73e6ea0d99eff4"
dependencies = [
 "mime",
 "unicase",
]

[[package]]
name = "proc-macro2"
version = "1.0.86"
source = "registry+https://github.com/rust-lang/crates.io-index"
checksum = "5e719e8df665df0d1c8fbfd238015744736151d4445ec0836b8e628aae103b77"
dependencies = [
 "unicode-ident",
]

[[package]]
name = "quote"
version = "1.0.37"
source = "registry+https://github.com/rust-lang/crates.io-index"
checksum = "b5b9d34b8991d19d98081b46eacdd8eb58c6f2b201139f7c5f643cc155a633af"
dependencies = [
 "proc-macro2",
]

[[package]]
name = "unicase"
version = "2.7.0"
source = "registry+https://github.com/rust-lang/crates.io-index"
checksum = "f7d2d4dafb69621809a81864c9c1b864479e1235c0dd4e199924b9742439ed89"
dependencies = [
 "version_check",
]

[[package]]
name = "unicode-ident"
version = "1.0.13"
source = "registry+https://github.com/rust-lang/crates.io-index"
checksum = "e91b56cd4cadaeb79bbf1a5645f6b4f8dc5bde8834ad5894a8db35fda9efa1fe"

[[package]]
name = "version_check"
version = "0.9.5"
source = "registry+https://github.com/rust-lang/crates.io-index"
checksum = "0b928f33d975fc6ad9f86c8f283853ad26bdd5b10b7f1542aa2fa15e2289105a"
